
Microsoft Visual Studio Solution File, Format Version 12.00
# Visual Studio Version 16
VisualStudioVersion = 16.0.33214.272
MinimumVisualStudioVersion = 10.0.40219.1
Project("{FAE04EC0-301F-11D3-BF4B-00C04F79EFBC}") = "LibraryManagement", "LibraryManagement\LibraryManagement.csproj", "{9254F487-26A5-419E-96AC-71C511F532DB}"
EndProject
Global
	GlobalSection(SolutionConfigurationPlatforms) = preSolution
		Debug|Any CPU = Debug|Any CPU
		Release|Any CPU = Release|Any CPU
	EndGlobalSection
	GlobalSection(ProjectConfigurationPlatforms) = postSolution
		{9254F487-26A5-419E-96AC-71C511F532DB}.Debug|Any CPU.ActiveCfg = Debug|Any CPU
		{9254F487-26A5-419E-96AC-71C511F532DB}.Debug|Any CPU.Build.0 = Debug|Any CPU
		{9254F487-26A5-419E-96AC-71C511F532DB}.Release|Any CPU.ActiveCfg = Release|Any CPU
		{9254F487-26A5-419E-96AC-71C511F532DB}.Release|Any CPU.Build.0 = Release|Any CPU
	EndGlobalSection
	GlobalSection(SolutionProperties) = preSolution
		HideSolutionNode = FALSE
	EndGlobalSection
	GlobalSection(ExtensibilityGlobals) = postSolution
		SolutionGuid = {966249B5-2E95-4733-8A9D-BCD0D7E0D17C}
	EndGlobalSection
EndGlobal
